
Microsoft Visual Studio Solution File, Format Version 12.00
# Visual Studio Version 16
VisualStudioVersion = 16.0.31129.286
MinimumVisualStudioVersion = 10.0.40219.1
Project("{FAE04EC0-301F-11D3-BF4B-00C04F79EFBC}") = "CsvHelperMultiInstanceDemo", "CsvHelperMultiInstanceDemo\CsvHelperMultiInstanceDemo.csproj", "{3EA2438D-8CDB-4D76-A893-04ECBAFDCA2F}"
EndProject
Global
	GlobalSection(SolutionConfigurationPlatforms) = preSolution
		Debug|Any CPU = Debug|Any CPU
		Release|Any CPU = Release|Any CPU
	EndGlobalSection
	GlobalSection(ProjectConfigurationPlatforms) = postSolution
		{3EA2438D-8CDB-4D76-A893-04ECBAFDCA2F}.Debug|Any CPU.ActiveCfg = Debug|Any CPU
		{3EA2438D-8CDB-4D76-A893-04ECBAFDCA2F}.Debug|Any CPU.Build.0 = Debug|Any CPU
		{3EA2438D-8CDB-4D76-A893-04ECBAFDCA2F}.Release|Any CPU.ActiveCfg = Release|Any CPU
		{3EA2438D-8CDB-4D76-A893-04ECBAFDCA2F}.Release|Any CPU.Build.0 = Release|Any CPU
	EndGlobalSection
	GlobalSection(SolutionProperties) = preSolution
		HideSolutionNode = FALSE
	EndGlobalSection
	GlobalSection(ExtensibilityGlobals) = postSolution
		SolutionGuid = {38465D8F-4DFF-4EA0-979E-4CAD78D03E53}
	EndGlobalSection
EndGlobal
